
Microsoft Visual Studio Solution File, Format Version 12.00
# Visual Studio Version 17
VisualStudioVersion = 17.5.33530.505
MinimumVisualStudioVersion = 10.0.40219.1
Project("{FAE04EC0-301F-11D3-BF4B-00C04F79EFBC}") = "adfsummary", "adfsummary\adfsummary.csproj", "{EFBBA757-B5BC-4E79-9A88-507A900A9EEE}"
EndProject
Global
	GlobalSection(SolutionConfigurationPlatforms) = preSolution
		Debug|Any CPU = Debug|Any CPU
		Release|Any CPU = Release|Any CPU
	EndGlobalSection
	GlobalSection(ProjectConfigurationPlatforms) = postSolution
		{EFBBA757-B5BC-4E79-9A88-507A900A9EEE}.Debug|Any CPU.ActiveCfg = Debug|Any CPU
		{EFBBA757-B5BC-4E79-9A88-507A900A9EEE}.Debug|Any CPU.Build.0 = Debug|Any CPU
		{EFBBA757-B5BC-4E79-9A88-507A900A9EEE}.Release|Any CPU.ActiveCfg = Release|Any CPU
		{EFBBA757-B5BC-4E79-9A88-507A900A9EEE}.Release|Any CPU.Build.0 = Release|Any CPU
	EndGlobalSection
	GlobalSection(SolutionProperties) = preSolution
		HideSolutionNode = FALSE
	EndGlobalSection
	GlobalSection(ExtensibilityGlobals) = postSolution
		SolutionGuid = {F41CD0BD-8769-4E47-81C6-7DA71E60C50A}
	EndGlobalSection
EndGlobal
